lockfileVersion: '9.0'

settings:
  autoInstallPeers: true
  excludeLinksFromLockfile: false

importers:

  .:
    dependencies:
      '@chatbot-ai/ai':
        specifier: workspace:*
        version: link:../../packages/ai
      '@chatbot-ai/database':
        specifier: workspace:*
        version: link:../../packages/database
